{
  "name": "pannonians-obuka",
  "version": "1.0.0",
  "lockfileVersion": 2,
  "requires": true,
  "packages": {
    "": {
      "name": "pannonians-obuka",
      "version": "1.0.0",
      "license": "ISC",
      "workspaces": [
        "./acajeremic",
        "./aleksandar",
        "./aleksandra",
        "./dusan",
        "./jelena",
        "./kristijan",
        "./marina",
        "./milana",
        "./ognjen",
        "./petar",
        "./slobodan"
      ]
    },
    "node_modules/petar": {
      "resolved": "petar",
      "link": true
    },
    "node_modules/slobodan": {
      "resolved": "slobodan",
      "link": true
    },
    "petar": {
      "version": "1.0.0",
      "license": "ISC",
      "workspaces": [
        "./arrays",
        "./async_functions",
        "./comments",
        "./fetch",
        "./functions",
        "./non_primitive_types",
        "./npm",
        "./primitive_types",
        "./strings",
        "./variables"
      ]
    },
    "slobodan": {
      "version": "1.0.0",
      "license": "ISC",
      "workspaces": [
        "./arrays",
        "./async_functions",
        "./comments",
        "./fetch",
        "./functions",
        "./non_primitive_types",
        "./npm",
        "./primitive_types",
        "./strings",
        "./variables"
      ]
    },
    "slobodan/arrays": {
      "version": "1.0.0",
      "extraneous": true,
      "license": "ISC"
    },
    "slobodan/fetch": {
      "version": "1.0.0",
      "extraneous": true,
      "license": "ISC",
      "dependencies": {
        "axios": "^1.2.0"
      }
    },
    "slobodan/npm": {
      "version": "1.0.0",
      "extraneous": true,
      "license": "ISC",
      "dependencies": {
        "axios": "^1.2.0",
        "lodash": "^4.17.21"
      }
    }
  },
  "dependencies": {
    "petar": {
      "version": "file:petar"
    },
    "slobodan": {
      "version": "file:slobodan"
    }
  }
}
